
Microsoft Visual Studio Solution File, Format Version 12.00
# Visual Studio Version 17
VisualStudioVersion = 17.7.34202.233
MinimumVisualStudioVersion = 10.0.40219.1
Project("{FAE04EC0-301F-11D3-BF4B-00C04F79EFBC}") = "TareaCorta4PrograV.DA", "TareaCorta4.DA\TareaCorta4PrograV.DA.csproj", "{BCDBD15F-CAB6-4C94-946C-9D2FDE6255C9}"
EndProject
Project("{FAE04EC0-301F-11D3-BF4B-00C04F79EFBC}") = "TareaCorta4PrograV.API", "TareaCorta.API\TareaCorta4PrograV.API.csproj", "{24FC61E6-825F-4E0A-BE03-1AA9C3615FD3}"
EndProject
Global
	GlobalSection(SolutionConfigurationPlatforms) = preSolution
		Debug|Any CPU = Debug|Any CPU
		Release|Any CPU = Release|Any CPU
	EndGlobalSection
	GlobalSection(ProjectConfigurationPlatforms) = postSolution
		{BCDBD15F-CAB6-4C94-946C-9D2FDE6255C9}.Debug|Any CPU.ActiveCfg = Debug|Any CPU
		{BCDBD15F-CAB6-4C94-946C-9D2FDE6255C9}.Debug|Any CPU.Build.0 = Debug|Any CPU
		{BCDBD15F-CAB6-4C94-946C-9D2FDE6255C9}.Release|Any CPU.ActiveCfg = Release|Any CPU
		{BCDBD15F-CAB6-4C94-946C-9D2FDE6255C9}.Release|Any CPU.Build.0 = Release|Any CPU
		{24FC61E6-825F-4E0A-BE03-1AA9C3615FD3}.Debug|Any CPU.ActiveCfg = Debug|Any CPU
		{24FC61E6-825F-4E0A-BE03-1AA9C3615FD3}.Debug|Any CPU.Build.0 = Debug|Any CPU
		{24FC61E6-825F-4E0A-BE03-1AA9C3615FD3}.Release|Any CPU.ActiveCfg = Release|Any CPU
		{24FC61E6-825F-4E0A-BE03-1AA9C3615FD3}.Release|Any CPU.Build.0 = Release|Any CPU
	EndGlobalSection
	GlobalSection(SolutionProperties) = preSolution
		HideSolutionNode = FALSE
	EndGlobalSection
	GlobalSection(ExtensibilityGlobals) = postSolution
		SolutionGuid = {13878BE1-3ACA-40C0-A442-F61360843093}
	EndGlobalSection
EndGlobal
